
Microsoft Visual Studio Solution File, Format Version 12.00
# Visual Studio Version 17
VisualStudioVersion = 17.8.34511.84
MinimumVisualStudioVersion = 10.0.40219.1
Project("{FAE04EC0-301F-11D3-BF4B-00C04F79EFBC}") = "NET1041_Lab1", "NET1041_Lab1\NET1041_Lab1.csproj", "{D678BB71-D9FF-4D40-95C0-60A3B888D299}"
EndProject
Global
	GlobalSection(SolutionConfigurationPlatforms) = preSolution
		Debug|Any CPU = Debug|Any CPU
		Release|Any CPU = Release|Any CPU
	EndGlobalSection
	GlobalSection(ProjectConfigurationPlatforms) = postSolution
		{D678BB71-D9FF-4D40-95C0-60A3B888D299}.Debug|Any CPU.ActiveCfg = Debug|Any CPU
		{D678BB71-D9FF-4D40-95C0-60A3B888D299}.Debug|Any CPU.Build.0 = Debug|Any CPU
		{D678BB71-D9FF-4D40-95C0-60A3B888D299}.Release|Any CPU.ActiveCfg = Release|Any CPU
		{D678BB71-D9FF-4D40-95C0-60A3B888D299}.Release|Any CPU.Build.0 = Release|Any CPU
	EndGlobalSection
	GlobalSection(SolutionProperties) = preSolution
		HideSolutionNode = FALSE
	EndGlobalSection
	GlobalSection(ExtensibilityGlobals) = postSolution
		SolutionGuid = {B0B234B7-EE43-46F4-8F8D-1047E04D16F2}
	EndGlobalSection
EndGlobal
